github.com/alecthomas/gometalinter v3.0.0+incompatible h1:e9Zfvfytsw/e6Kd/PYd75wggK+/kX5Xn8IYDUKyc5fU=
github.com/alecthomas/gometalinter v3.0.0+incompatible/go.mod h1:qfIpQGGz3d+NmgyPBqv+LSh50emm1pt72EtcX2vKYQk=
github.com/alecthomas/units v0.0.0-20190717042225-c3de453c63f4 h1:Hs82Z41s6SdL1CELW+XaDYmOH4hkBN4/N9og/AsOv7E=
github.com/alecthomas/units v0.0.0-20190717042225-c3de453c63f4/go.mod h1:ybxpYRFXyAe+OPACYpWeL0wqObRcbAqCMya13uyzqw0=
github.com/google/shlex v0.0.0-20181106134648-c34317bd91bf h1:7+FW5aGwISbqUtkfmIpZJGRgNFg2ioYPvFaUxdqpDsg=
github.com/google/shlex v0.0.0-20181106134648-c34317bd91bf/go.mod h1:RpwtwJQFrIEPstU94h88MWPXP2ektJZ8cZ0YntAmXiE=
github.com/nicksnyder/go-i18n v2.0.2+incompatible h1:Xt6dluut3s2zBUha8/3sj6atWMQbFioi9OMqUGH9khg=
gopkg.in/alecthomas/kingpin.v3-unstable v3.0.0-20180810215634-df19058c872c h1:vTxShRUnK60yd8DZU+f95p1zSLj814+5CuEh7NjF2/Y=
gopkg.in/alecthomas/kingpin.v3-unstable v3.0.0-20180810215634-df19058c872c/go.mod h1:3HH7i1SgMqlzxCcBmUHW657sD4Kvv9sC3HpL3YukzwA=
